
Microsoft Visual Studio Solution File, Format Version 12.00
# Visual Studio 15
VisualStudioVersion = 15.0.27428.2037
MinimumVisualStudioVersion = 10.0.40219.1
Project("{FAE04EC0-301F-11D3-BF4B-00C04F79EFBC}") = "Домашнее задание №4", "Домашнее задание №4\Домашнее задание №4.csproj", "{8AAA211F-3C8E-482C-94C6-8A1540538532}"
EndProject
Project("{FAE04EC0-301F-11D3-BF4B-00C04F79EFBC}") = "ДЗ № 4.1", "asd\ДЗ № 4.1.csproj", "{1E6674E7-B828-476F-83B8-6DD42EFD0DEC}"
EndProject
Global
	GlobalSection(SolutionConfigurationPlatforms) = preSolution
		Debug|Any CPU = Debug|Any CPU
		Release|Any CPU = Release|Any CPU
	EndGlobalSection
	GlobalSection(ProjectConfigurationPlatforms) = postSolution
		{8AAA211F-3C8E-482C-94C6-8A1540538532}.Debug|Any CPU.ActiveCfg = Debug|Any CPU
		{8AAA211F-3C8E-482C-94C6-8A1540538532}.Debug|Any CPU.Build.0 = Debug|Any CPU
		{8AAA211F-3C8E-482C-94C6-8A1540538532}.Release|Any CPU.ActiveCfg = Release|Any CPU
		{8AAA211F-3C8E-482C-94C6-8A1540538532}.Release|Any CPU.Build.0 = Release|Any CPU
		{1E6674E7-B828-476F-83B8-6DD42EFD0DEC}.Debug|Any CPU.ActiveCfg = Debug|Any CPU
		{1E6674E7-B828-476F-83B8-6DD42EFD0DEC}.Debug|Any CPU.Build.0 = Debug|Any CPU
		{1E6674E7-B828-476F-83B8-6DD42EFD0DEC}.Release|Any CPU.ActiveCfg = Release|Any CPU
		{1E6674E7-B828-476F-83B8-6DD42EFD0DEC}.Release|Any CPU.Build.0 = Release|Any CPU
	EndGlobalSection
	GlobalSection(SolutionProperties) = preSolution
		HideSolutionNode = FALSE
	EndGlobalSection
	GlobalSection(ExtensibilityGlobals) = postSolution
		SolutionGuid = {256EC84E-370C-4152-885F-5B27491A446F}
	EndGlobalSection
EndGlobal
